lockfileVersion: '9.0'

settings:
  autoInstallPeers: true
  excludeLinksFromLockfile: false

importers:

  .:
    dependencies:
      ableton-js:
        specifier: 3.4.1
        version: 3.4.1

packages:

  ableton-js@3.4.1:
    resolution: {integrity: sha512-lQilYhsfI9M7qtiolzMEredn28OD0yNDvxngvXaHFcWc9ikhSaL5+yWNOp5+3oUb/jymz60rMRk72U8SrQohqg==}

  lodash@4.17.23:
    resolution: {integrity: sha512-LgVTMpQtIopCi79SJeDiP0TfWi5CNEc/L/aRdTh3yIvmZXTnheWpKjSZhnvMl8iXbC1tFg9gdHHDMLoV7CnG+w==}

  lru-cache@7.18.3:
    resolution: {integrity: sha512-jumlc0BIUrS3qJGgIkWZsyfAM7NCWiBcCDhnd+3NNM5KbBmLTgHVfWBcg6W+rLUsIpzpERPsvwUP7CckAQSOoA==}
    engines: {node: '>=12'}

  semver@7.7.4:
    resolution: {integrity: sha512-vFKC2IEtQnVhpT78h1Yp8wzwrf8CM+MzKMHGJZfBtzhZNycRFnXsHk6E5TxIkkMsgNS7mdX3AGB7x2QM2di4lA==}
    engines: {node: '>=10'}
    hasBin: true

  uuid@8.3.2:
    resolution: {integrity: sha512-+NYs2QeMWy+GWFOEm9xnn6HCDp0l7QBD7ml8zLUmJ+93Q5NF0NocErnwkTkXVFNiX3/fpC6afS8Dhb/gz7R7eg==}
    hasBin: true

snapshots:

  ableton-js@3.4.1:
    dependencies:
      lodash: 4.17.23
      lru-cache: 7.18.3
      semver: 7.7.4
      uuid: 8.3.2

  lodash@4.17.23: {}

  lru-cache@7.18.3: {}

  semver@7.7.4: {}

  uuid@8.3.2: {}
